{
  "pins" : [
    {
      "identity" : "alamofire",
      "kind" : "remoteSourceControl",
      "location" : "https://github.com/Alamofire/Alamofire",
      "state" : {
        "revision" : "b2fa556e4e48cbf06cf8c63def138c98f4b811fa",
        "version" : "5.8.0"
      }
    },
    {
      "identity" : "cocoalumberjack",
      "kind" : "remoteSourceControl",
      "location" : "https://github.com/CocoaLumberjack/CocoaLumberjack",
      "state" : {
        "revision" : "67ec5818a757aba4d7c534e21a905d878d128dbf",
        "version" : "3.8.1"
      }
    },
    {
      "identity" : "ios-core",
      "kind" : "remoteSourceControl",
      "location" : "https://github.com/Infomaniak/ios-core",
      "state" : {
        "revision" : "477ba918bf1ccabaac83ad4e5923fe5356f517ea"
      }
    },
    {
      "identity" : "ios-dependency-injection",
      "kind" : "remoteSourceControl",
      "location" : "https://github.com/Infomaniak/ios-dependency-injection",
      "state" : {
        "revision" : "41a99aeb652d5294355129bfa70d1ea8c17b9980",
        "version" : "1.1.10"
      }
    },
    {
      "identity" : "matomo-sdk-ios",
      "kind" : "remoteSourceControl",
      "location" : "https://github.com/matomo-org/matomo-sdk-ios",
      "state" : {
        "revision" : "15a645e11eaa8053f93749d73ced03da1e56fd01",
        "version" : "7.5.2"
      }
    },
    {
      "identity" : "realm-core",
      "kind" : "remoteSourceControl",
      "location" : "https://github.com/realm/realm-core.git",
      "state" : {
        "revision" : "e836317e8238bd32f06086dd7ce6768ef574beb6",
        "version" : "13.22.0"
      }
    },
    {
      "identity" : "realm-swift",
      "kind" : "remoteSourceControl",
      "location" : "https://github.com/realm/realm-swift",
      "state" : {
        "revision" : "8249489f28d36f9f37ed076c95029059c60b556d",
        "version" : "10.43.0"
      }
    },
    {
      "identity" : "sentry-cocoa",
      "kind" : "remoteSourceControl",
      "location" : "https://github.com/getsentry/sentry-cocoa",
      "state" : {
        "revision" : "2889f06002ef4f4cb3ec983da42a706e1d0124e5",
        "version" : "8.14.1"
      }
    },
    {
      "identity" : "swift-log",
      "kind" : "remoteSourceControl",
      "location" : "https://github.com/apple/swift-log.git",
      "state" : {
        "revision" : "532d8b529501fb73a2455b179e0bbb6d49b652ed",
        "version" : "1.5.3"
      }
    }
  ],
  "version" : 2
}
